
Microsoft Visual Studio Solution File, Format Version 12.00
# Visual Studio Version 16
VisualStudioVersion = 16.6.30114.105
MinimumVisualStudioVersion = 10.0.40219.1
Project("{FAE04EC0-301F-11D3-BF4B-00C04F79EFBC}") = "IoCContainer.Container", "IoCContainer.Container\IoCContainer.Container.csproj", "{541EF142-9FFE-419D-A05D-02F5EB012953}"
EndProject
Project("{FAE04EC0-301F-11D3-BF4B-00C04F79EFBC}") = "IoCContainer.Container.Tests", "IoCContainer.Container.Tests\IoCContainer.Container.Tests.csproj", "{C7062E4B-C922-4888-BBF3-2A88BFBEFA5A}"
EndProject
Global
	GlobalSection(SolutionConfigurationPlatforms) = preSolution
		Debug|Any CPU = Debug|Any CPU
		Debug|x64 = Debug|x64
		Debug|x86 = Debug|x86
		Release|Any CPU = Release|Any CPU
		Release|x64 = Release|x64
		Release|x86 = Release|x86
	EndGlobalSection
	GlobalSection(SolutionProperties) = preSolution
		HideSolutionNode = FALSE
	EndGlobalSection
	GlobalSection(ProjectConfigurationPlatforms) = postSolution
		{541EF142-9FFE-419D-A05D-02F5EB012953}.Debug|Any CPU.ActiveCfg = Debug|Any CPU
		{541EF142-9FFE-419D-A05D-02F5EB012953}.Debug|Any CPU.Build.0 = Debug|Any CPU
		{541EF142-9FFE-419D-A05D-02F5EB012953}.Debug|x64.ActiveCfg = Debug|Any CPU
		{541EF142-9FFE-419D-A05D-02F5EB012953}.Debug|x64.Build.0 = Debug|Any CPU
		{541EF142-9FFE-419D-A05D-02F5EB012953}.Debug|x86.ActiveCfg = Debug|Any CPU
		{541EF142-9FFE-419D-A05D-02F5EB012953}.Debug|x86.Build.0 = Debug|Any CPU
		{541EF142-9FFE-419D-A05D-02F5EB012953}.Release|Any CPU.ActiveCfg = Release|Any CPU
		{541EF142-9FFE-419D-A05D-02F5EB012953}.Release|Any CPU.Build.0 = Release|Any CPU
		{541EF142-9FFE-419D-A05D-02F5EB012953}.Release|x64.ActiveCfg = Release|Any CPU
		{541EF142-9FFE-419D-A05D-02F5EB012953}.Release|x64.Build.0 = Release|Any CPU
		{541EF142-9FFE-419D-A05D-02F5EB012953}.Release|x86.ActiveCfg = Release|Any CPU
		{541EF142-9FFE-419D-A05D-02F5EB012953}.Release|x86.Build.0 = Release|Any CPU
		{C7062E4B-C922-4888-BBF3-2A88BFBEFA5A}.Debug|Any CPU.ActiveCfg = Debug|Any CPU
		{C7062E4B-C922-4888-BBF3-2A88BFBEFA5A}.Debug|Any CPU.Build.0 = Debug|Any CPU
		{C7062E4B-C922-4888-BBF3-2A88BFBEFA5A}.Debug|x64.ActiveCfg = Debug|Any CPU
		{C7062E4B-C922-4888-BBF3-2A88BFBEFA5A}.Debug|x64.Build.0 = Debug|Any CPU
		{C7062E4B-C922-4888-BBF3-2A88BFBEFA5A}.Debug|x86.ActiveCfg = Debug|Any CPU
		{C7062E4B-C922-4888-BBF3-2A88BFBEFA5A}.Debug|x86.Build.0 = Debug|Any CPU
		{C7062E4B-C922-4888-BBF3-2A88BFBEFA5A}.Release|Any CPU.ActiveCfg = Release|Any CPU
		{C7062E4B-C922-4888-BBF3-2A88BFBEFA5A}.Release|Any CPU.Build.0 = Release|Any CPU
		{C7062E4B-C922-4888-BBF3-2A88BFBEFA5A}.Release|x64.ActiveCfg = Release|Any CPU
		{C7062E4B-C922-4888-BBF3-2A88BFBEFA5A}.Release|x64.Build.0 = Release|Any CPU
		{C7062E4B-C922-4888-BBF3-2A88BFBEFA5A}.Release|x86.ActiveCfg = Release|Any CPU
		{C7062E4B-C922-4888-BBF3-2A88BFBEFA5A}.Release|x86.Build.0 = Release|Any CPU
	EndGlobalSection
EndGlobal
